// !$*UTF8*$!
{
	archiveVersion = 1;
	classes = {
	};
	objectVersion = 50;
	objects = {

/* Begin PBXBuildFile section */
		31750C772556E4BB007ACF87 /* DatesSettings.swift in Sources */ = {isa = PBXBuildFile; fileRef = 31750C762556E4BB007ACF87 /* DatesSettings.swift */; };
		31750C7F2556F04F007ACF87 /* DateButtonBoxView.swift in Sources */ = {isa = PBXBuildFile; fileRef = 31750C7E2556F04F007ACF87 /* DateButtonBoxView.swift */; };
		31750C842556F105007ACF87 /* CalDate.swift in Sources */ = {isa = PBXBuildFile; fileRef = 31750C832556F105007ACF87 /* CalDate.swift */; };
		31750C8925570093007ACF87 /* TaskManagerView.swift in Sources */ = {isa = PBXBuildFile; fileRef = 31750C8825570093007ACF87 /* TaskManagerView.swift */; };
		31750C9F25570BBB007ACF87 /* TaskView.swift in Sources */ = {isa = PBXBuildFile; fileRef = 31750C9E25570BBB007ACF87 /* TaskView.swift */; };
		31750CA425570D31007ACF87 /* CalTaskView.swift in Sources */ = {isa = PBXBuildFile; fileRef = 31750CA325570D31007ACF87 /* CalTaskView.swift */; };
		31750CA925570DE3007ACF87 /* TaskLevelTxtView.swift in Sources */ = {isa = PBXBuildFile; fileRef = 31750CA825570DE3007ACF87 /* TaskLevelTxtView.swift */; };
		31750CB1255723FC007ACF87 /* TasksTitleView.swift in Sources */ = {isa = PBXBuildFile; fileRef = 31750CB0255723FC007ACF87 /* TasksTitleView.swift */; };
		31750CB625572528007ACF87 /* TasksView.swift in Sources */ = {isa = PBXBuildFile; fileRef = 31750CB525572528007ACF87 /* TasksView.swift */; };
		31750CBE25572F57007ACF87 /* AddTaskFieldView.swift in Sources */ = {isa = PBXBuildFile; fileRef = 31750CBD25572F57007ACF87 /* AddTaskFieldView.swift */; };
		31750CC325573029007ACF87 /* TaskViewModifier.swift in Sources */ = {isa = PBXBuildFile; fileRef = 31750CC225573029007ACF87 /* TaskViewModifier.swift */; };
		31750CEB25576E01007ACF87 /* MonthTitleView.swift in Sources */ = {isa = PBXBuildFile; fileRef = 31750CEA25576E00007ACF87 /* MonthTitleView.swift */; };
		31750CF325577285007ACF87 /* DayBoxViewModifier.swift in Sources */ = {isa = PBXBuildFile; fileRef = 31750CF225577285007ACF87 /* DayBoxViewModifier.swift */; };
		3188BD3E255A18800039CE56 /* TaskTypesSettings.swift in Sources */ = {isa = PBXBuildFile; fileRef = 3188BD3D255A18800039CE56 /* TaskTypesSettings.swift */; };
		3188BD4E255A1CF80039CE56 /* DividerView.swift in Sources */ = {isa = PBXBuildFile; fileRef = 3188BD4D255A1CF80039CE56 /* DividerView.swift */; };
		3188BD60255B428D0039CE56 /* CloudKit.framework in Frameworks */ = {isa = PBXBuildFile; fileRef = 3188BD5F255B428D0039CE56 /* CloudKit.framework */; };
		31898C33255F24F3008FCB77 /* Task.swift in Sources */ = {isa = PBXBuildFile; fileRef = 31898C32255F24F3008FCB77 /* Task.swift */; };
		31898C38255F297C008FCB77 /* CloudKitHelper.swift in Sources */ = {isa = PBXBuildFile; fileRef = 31898C37255F297C008FCB77 /* CloudKitHelper.swift */; };
		3195BF4F2555F42A00707ECB /* AppDelegate.swift in Sources */ = {isa = PBXBuildFile; fileRef = 3195BF4E2555F42A00707ECB /* AppDelegate.swift */; };
		3195BF512555F42A00707ECB /* ContentView.swift in Sources */ = {isa = PBXBuildFile; fileRef = 3195BF502555F42A00707ECB /* ContentView.swift */; };
		3195BF542555F42A00707ECB /* tascal_macos.xcdatamodeld in Sources */ = {isa = PBXBuildFile; fileRef = 3195BF522555F42A00707ECB /* tascal_macos.xcdatamodeld */; };
		3195BF562555F42C00707ECB /* Assets.xcassets in Resources */ = {isa = PBXBuildFile; fileRef = 3195BF552555F42C00707ECB /* Assets.xcassets */; };
		3195BF592555F42C00707ECB /* Preview Assets.xcassets in Resources */ = {isa = PBXBuildFile; fileRef = 3195BF582555F42C00707ECB /* Preview Assets.xcassets */; };
		3195BF5C2555F42C00707ECB /* Main.storyboard in Resources */ = {isa = PBXBuildFile; fileRef = 3195BF5A2555F42C00707ECB /* Main.storyboard */; };
		3195BF682555F42D00707ECB /* tascal_macosTests.swift in Sources */ = {isa = PBXBuildFile; fileRef = 3195BF672555F42D00707ECB /* tascal_macosTests.swift */; };
		3195BF732555F42D00707ECB /* tascal_macosUITests.swift in Sources */ = {isa = PBXBuildFile; fileRef = 3195BF722555F42D00707ECB /* tascal_macosUITests.swift */; };
		3195BF842555F99F00707ECB /* AppEnvironment.swift in Sources */ = {isa = PBXBuildFile; fileRef = 3195BF832555F99F00707ECB /* AppEnvironment.swift */; };
		3195BF892555FA5200707ECB /* CalType.swift in Sources */ = {isa = PBXBuildFile; fileRef = 3195BF882555FA5200707ECB /* CalType.swift */; };
		3195BF992555FC6A00707ECB /* CalManagerView.swift in Sources */ = {isa = PBXBuildFile; fileRef = 3195BF982555FC6A00707ECB /* CalManagerView.swift */; };
		3195BF9E2555FEA700707ECB /* CalManagerButtonView.swift in Sources */ = {isa = PBXBuildFile; fileRef = 3195BF9D2555FEA700707ECB /* CalManagerButtonView.swift */; };
		3195BFAD2556010300707ECB /* CalTypeView_Days.swift in Sources */ = {isa = PBXBuildFile; fileRef = 3195BFAC2556010300707ECB /* CalTypeView_Days.swift */; };
		3195BFB7255601FF00707ECB /* CalView.swift in Sources */ = {isa = PBXBuildFile; fileRef = 3195BFB6255601FF00707ECB /* CalView.swift */; };
		3195BFCA25560D4A00707ECB /* DateInfo.swift in Sources */ = {isa = PBXBuildFile; fileRef = 3195BFC925560D4A00707ECB /* DateInfo.swift */; };
		3195BFD2255691D000707ECB /* DayBoxView.swift in Sources */ = {isa = PBXBuildFile; fileRef = 3195BFD1255691D000707ECB /* DayBoxView.swift */; };
		3199F4002562025500279044 /* NSTextField.swift in Sources */ = {isa = PBXBuildFile; fileRef = 3199F3FF2562025500279044 /* NSTextField.swift */; };
		3199F4112563092E00279044 /* View.swift in Sources */ = {isa = PBXBuildFile; fileRef = 3199F4102563092E00279044 /* View.swift */; };
		3199F416256318AF00279044 /* SidebarView.swift in Sources */ = {isa = PBXBuildFile; fileRef = 3199F415256318AF00279044 /* SidebarView.swift */; };
		3199F41B2563341F00279044 /* SearchSidebarView.swift in Sources */ = {isa = PBXBuildFile; fileRef = 3199F41A2563341F00279044 /* SearchSidebarView.swift */; };
		3199F4242563396000279044 /* DateHeaderView.swift in Sources */ = {isa = PBXBuildFile; fileRef = 3199F4232563396000279044 /* DateHeaderView.swift */; };
		3199F42C256350A100279044 /* SideCalendarButtonView.swift in Sources */ = {isa = PBXBuildFile; fileRef = 3199F42B256350A100279044 /* SideCalendarButtonView.swift */; };
		3199F431256355BC00279044 /* TodayButtonView.swift in Sources */ = {isa = PBXBuildFile; fileRef = 3199F430256355BC00279044 /* TodayButtonView.swift */; };
		3199F4362563594F00279044 /* DayArrowButtonView.swift in Sources */ = {isa = PBXBuildFile; fileRef = 3199F4352563594F00279044 /* DayArrowButtonView.swift */; };
		3199F43B256365D300279044 /* FoundTaskView.swift in Sources */ = {isa = PBXBuildFile; fileRef = 3199F43A256365D300279044 /* FoundTaskView.swift */; };
		3199F44025636C4F00279044 /* TextFieldClearButton.swift in Sources */ = {isa = PBXBuildFile; fileRef = 3199F43F25636C4F00279044 /* TextFieldClearButton.swift */; };
		31E08AA425638C8A006C0639 /* MonthSectionView.swift in Sources */ = {isa = PBXBuildFile; fileRef = 31E08AA325638C8A006C0639 /* MonthSectionView.swift */; };
		31E08AA92563932B006C0639 /* DayButtonView.swift in Sources */ = {isa = PBXBuildFile; fileRef = 31E08AA82563932B006C0639 /* DayButtonView.swift */; };
		31E08AAE2566F69F006C0639 /* WeekDaysRowView.swift in Sources */ = {isa = PBXBuildFile; fileRef = 31E08AAD2566F69F006C0639 /* WeekDaysRowView.swift */; };
		31E08ABB25671054006C0639 /* CalendarEnvironment.swift in Sources */ = {isa = PBXBuildFile; fileRef = 31E08ABA25671054006C0639 /* CalendarEnvironment.swift */; };
		31E08AC025671413006C0639 /* RefreshTasksButtonView.swift in Sources */ = {isa = PBXBuildFile; fileRef = 31E08ABF25671413006C0639 /* RefreshTasksButtonView.swift */; };
		31E30ABC256B3D76005EE4DF /* TaskType.swift in Sources */ = {isa = PBXBuildFile; fileRef = 31E30ABB256B3D76005EE4DF /* TaskType.swift */; };
		31E30AC4256B437E005EE4DF /* SettingsView.swift in Sources */ = {isa = PBXBuildFile; fileRef = 31E30AC3256B437E005EE4DF /* SettingsView.swift */; };
		31E30AC9256B5404005EE4DF /* TypeActionsMenu.swift in Sources */ = {isa = PBXBuildFile; fileRef = 31E30AC8256B5404005EE4DF /* TypeActionsMenu.swift */; };
		31EF9F73255858D5003DFADF /* TasksEnvironment.swift in Sources */ = {isa = PBXBuildFile; fileRef = 31EF9F72255858D5003DFADF /* TasksEnvironment.swift */; };
		31EF9FA22558A96F003DFADF /* TimeTextFieldView.swift in Sources */ = {isa = PBXBuildFile; fileRef = 31EF9FA12558A96F003DFADF /* TimeTextFieldView.swift */; };
		31EF9FAA2558AB03003DFADF /* TaskTextFieldView.swift in Sources */ = {isa = PBXBuildFile; fileRef = 31EF9FA92558AB03003DFADF /* TaskTextFieldView.swift */; };
		31EF9FB22558ABA5003DFADF /* DoneEditingButtonView.swift in Sources */ = {isa = PBXBuildFile; fileRef = 31EF9FB12558ABA5003DFADF /* DoneEditingButtonView.swift */; };
		31EF9FCE2558B2DB003DFADF /* IconButtonView.swift in Sources */ = {isa = PBXBuildFile; fileRef = 31EF9FCD2558B2DB003DFADF /* IconButtonView.swift */; };
		31EF9FF32558B969003DFADF /* DateFrameViewModifier.swift in Sources */ = {isa = PBXBuildFile; fileRef = 31EF9FF22558B969003DFADF /* DateFrameViewModifier.swift */; };
		31EFA0192559488C003DFADF /* TaskActionsMenuView.swift in Sources */ = {isa = PBXBuildFile; fileRef = 31EFA0182559488C003DFADF /* TaskActionsMenuView.swift */; };
		31EFA02425595B1F003DFADF /* ToolbarStyleModifier.swift in Sources */ = {isa = PBXBuildFile; fileRef = 31EFA02325595B1F003DFADF /* ToolbarStyleModifier.swift */; };
		31EFA02C25596250003DFADF /* NSViewAccessor.swift in Sources */ = {isa = PBXBuildFile; fileRef = 31EFA02B25596250003DFADF /* NSViewAccessor.swift */; };
		31EFA03125596566003DFADF /* SearchTextFieldView.swift in Sources */ = {isa = PBXBuildFile; fileRef = 31EFA03025596566003DFADF /* SearchTextFieldView.swift */; };
/* End PBXBuildFile section */

/* Begin PBXContainerItemProxy section */
		3195BF642555F42D00707ECB /* PBXContainerItemProxy */ = {
			isa = PBXContainerItemProxy;
			containerPortal = 3195BF432555F42A00707ECB /* Project object */;
			proxyType = 1;
			remoteGlobalIDString = 3195BF4A2555F42A00707ECB;
			remoteInfo = "tascal-macos";
		};
		3195BF6F2555F42D00707ECB /* PBXContainerItemProxy */ = {
			isa = PBXContainerItemProxy;
			containerPortal = 3195BF432555F42A00707ECB /* Project object */;
			proxyType = 1;
			remoteGlobalIDString = 3195BF4A2555F42A00707ECB;
			remoteInfo = "tascal-macos";
		};
/* End PBXContainerItemProxy section */

/* Begin PBXFileReference section */
		31750C762556E4BB007ACF87 /* DatesSettings.swift */ = {isa = PBXFileReference; lastKnownFileType = sourcecode.swift; path = DatesSettings.swift; sourceTree = "<group>"; };
		31750C7E2556F04F007ACF87 /* DateButtonBoxView.swift */ = {isa = PBXFileReference; lastKnownFileType = sourcecode.swift; path = DateButtonBoxView.swift; sourceTree = "<group>"; };
		31750C832556F105007ACF87 /* CalDate.swift */ = {isa = PBXFileReference; lastKnownFileType = sourcecode.swift; path = CalDate.swift; sourceTree = "<group>"; };
		31750C8825570093007ACF87 /* TaskManagerView.swift */ = {isa = PBXFileReference; lastKnownFileType = sourcecode.swift; path = TaskManagerView.swift; sourceTree = "<group>"; };
		31750C9E25570BBB007ACF87 /* TaskView.swift */ = {isa = PBXFileReference; lastKnownFileType = sourcecode.swift; path = TaskView.swift; sourceTree = "<group>"; };
		31750CA325570D31007ACF87 /* CalTaskView.swift */ = {isa = PBXFileReference; lastKnownFileType = sourcecode.swift; path = CalTaskView.swift; sourceTree = "<group>"; };
		31750CA825570DE3007ACF87 /* TaskLevelTxtView.swift */ = {isa = PBXFileReference; lastKnownFileType = sourcecode.swift; path = TaskLevelTxtView.swift; sourceTree = "<group>"; };
		31750CB0255723FC007ACF87 /* TasksTitleView.swift */ = {isa = PBXFileReference; lastKnownFileType = sourcecode.swift; path = TasksTitleView.swift; sourceTree = "<group>"; };
		31750CB525572528007ACF87 /* TasksView.swift */ = {isa = PBXFileReference; lastKnownFileType = sourcecode.swift; path = TasksView.swift; sourceTree = "<group>"; };
		31750CBD25572F57007ACF87 /* AddTaskFieldView.swift */ = {isa = PBXFileReference; lastKnownFileType = sourcecode.swift; path = AddTaskFieldView.swift; sourceTree = "<group>"; };
		31750CC225573029007ACF87 /* TaskViewModifier.swift */ = {isa = PBXFileReference; lastKnownFileType = sourcecode.swift; path = TaskViewModifier.swift; sourceTree = "<group>"; };
		31750CEA25576E00007ACF87 /* MonthTitleView.swift */ = {isa = PBXFileReference; lastKnownFileType = sourcecode.swift; path = MonthTitleView.swift; sourceTree = "<group>"; };
		31750CF225577285007ACF87 /* DayBoxViewModifier.swift */ = {isa = PBXFileReference; lastKnownFileType = sourcecode.swift; path = DayBoxViewModifier.swift; sourceTree = "<group>"; };
		3188BD3D255A18800039CE56 /* TaskTypesSettings.swift */ = {isa = PBXFileReference; lastKnownFileType = sourcecode.swift; path = TaskTypesSettings.swift; sourceTree = "<group>"; };
		3188BD4D255A1CF80039CE56 /* DividerView.swift */ = {isa = PBXFileReference; lastKnownFileType = sourcecode.swift; path = DividerView.swift; sourceTree = "<group>"; };
		3188BD5F255B428D0039CE56 /* CloudKit.framework */ = {isa = PBXFileReference; lastKnownFileType = wrapper.framework; name = CloudKit.framework; path = System/Library/Frameworks/CloudKit.framework; sourceTree = SDKROOT; };
		31898C32255F24F3008FCB77 /* Task.swift */ = {isa = PBXFileReference; lastKnownFileType = sourcecode.swift; path = Task.swift; sourceTree = "<group>"; };
		31898C37255F297C008FCB77 /* CloudKitHelper.swift */ = {isa = PBXFileReference; lastKnownFileType = sourcecode.swift; path = CloudKitHelper.swift; sourceTree = "<group>"; };
		3195BF4B2555F42A00707ECB /* tascal-macos.app */ = {isa = PBXFileReference; explicitFileType = wrapper.application; includeInIndex = 0; path = "tascal-macos.app"; sourceTree = BUILT_PRODUCTS_DIR; };
		3195BF4E2555F42A00707ECB /* AppDelegate.swift */ = {isa = PBXFileReference; lastKnownFileType = sourcecode.swift; path = AppDelegate.swift; sourceTree = "<group>"; };
		3195BF502555F42A00707ECB /* ContentView.swift */ = {isa = PBXFileReference; lastKnownFileType = sourcecode.swift; path = ContentView.swift; sourceTree = "<group>"; };
		3195BF532555F42A00707ECB /* tascal_macos.xcdatamodel */ = {isa = PBXFileReference; lastKnownFileType = wrapper.xcdatamodel; path = tascal_macos.xcdatamodel; sourceTree = "<group>"; };
		3195BF552555F42C00707ECB /* Assets.xcassets */ = {isa = PBXFileReference; lastKnownFileType = folder.assetcatalog; path = Assets.xcassets; sourceTree = "<group>"; };
		3195BF582555F42C00707ECB /* Preview Assets.xcassets */ = {isa = PBXFileReference; lastKnownFileType = folder.assetcatalog; path = "Preview Assets.xcassets"; sourceTree = "<group>"; };
		3195BF5B2555F42C00707ECB /* Base */ = {isa = PBXFileReference; lastKnownFileType = file.storyboard; name = Base; path = Base.lproj/Main.storyboard; sourceTree = "<group>"; };
		3195BF5D2555F42C00707ECB /* Info.plist */ = {isa = PBXFileReference; lastKnownFileType = text.plist.xml; path = Info.plist; sourceTree = "<group>"; };
		3195BF5E2555F42C00707ECB /* tascal_macos.entitlements */ = {isa = PBXFileReference; lastKnownFileType = text.plist.entitlements; path = tascal_macos.entitlements; sourceTree = "<group>"; };
		3195BF632555F42D00707ECB /* tascal-macosTests.xctest */ = {isa = PBXFileReference; explicitFileType = wrapper.cfbundle; includeInIndex = 0; path = "tascal-macosTests.xctest"; sourceTree = BUILT_PRODUCTS_DIR; };
		3195BF672555F42D00707ECB /* tascal_macosTests.swift */ = {isa = PBXFileReference; lastKnownFileType = sourcecode.swift; path = tascal_macosTests.swift; sourceTree = "<group>"; };
		3195BF692555F42D00707ECB /* Info.plist */ = {isa = PBXFileReference; lastKnownFileType = text.plist.xml; path = Info.plist; sourceTree = "<group>"; };
		3195BF6E2555F42D00707ECB /* tascal-macosUITests.xctest */ = {isa = PBXFileReference; explicitFileType = wrapper.cfbundle; includeInIndex = 0; path = "tascal-macosUITests.xctest"; sourceTree = BUILT_PRODUCTS_DIR; };
		3195BF722555F42D00707ECB /* tascal_macosUITests.swift */ = {isa = PBXFileReference; lastKnownFileType = sourcecode.swift; path = tascal_macosUITests.swift; sourceTree = "<group>"; };
		3195BF742555F42D00707ECB /* Info.plist */ = {isa = PBXFileReference; lastKnownFileType = text.plist.xml; path = Info.plist; sourceTree = "<group>"; };
		3195BF832555F99F00707ECB /* AppEnvironment.swift */ = {isa = PBXFileReference; lastKnownFileType = sourcecode.swift; path = AppEnvironment.swift; sourceTree = "<group>"; };
		3195BF882555FA5200707ECB /* CalType.swift */ = {isa = PBXFileReference; lastKnownFileType = sourcecode.swift; path = CalType.swift; sourceTree = "<group>"; };
		3195BF982555FC6A00707ECB /* CalManagerView.swift */ = {isa = PBXFileReference; lastKnownFileType = sourcecode.swift; path = CalManagerView.swift; sourceTree = "<group>"; };
		3195BF9D2555FEA700707ECB /* CalManagerButtonView.swift */ = {isa = PBXFileReference; lastKnownFileType = sourcecode.swift; path = CalManagerButtonView.swift; sourceTree = "<group>"; };
		3195BFAC2556010300707ECB /* CalTypeView_Days.swift */ = {isa = PBXFileReference; lastKnownFileType = sourcecode.swift; path = CalTypeView_Days.swift; sourceTree = "<group>"; };
		3195BFB6255601FF00707ECB /* CalView.swift */ = {isa = PBXFileReference; lastKnownFileType = sourcecode.swift; path = CalView.swift; sourceTree = "<group>"; };
		3195BFC925560D4A00707ECB /* DateInfo.swift */ = {isa = PBXFileReference; lastKnownFileType = sourcecode.swift; path = DateInfo.swift; sourceTree = "<group>"; };
		3195BFD1255691D000707ECB /* DayBoxView.swift */ = {isa = PBXFileReference; lastKnownFileType = sourcecode.swift; path = DayBoxView.swift; sourceTree = "<group>"; };
		3199F3FF2562025500279044 /* NSTextField.swift */ = {isa = PBXFileReference; lastKnownFileType = sourcecode.swift; path = NSTextField.swift; sourceTree = "<group>"; };
		3199F4102563092E00279044 /* View.swift */ = {isa = PBXFileReference; lastKnownFileType = sourcecode.swift; path = View.swift; sourceTree = "<group>"; };
		3199F415256318AF00279044 /* SidebarView.swift */ = {isa = PBXFileReference; lastKnownFileType = sourcecode.swift; path = SidebarView.swift; sourceTree = "<group>"; };
		3199F41A2563341F00279044 /* SearchSidebarView.swift */ = {isa = PBXFileReference; lastKnownFileType = sourcecode.swift; path = SearchSidebarView.swift; sourceTree = "<group>"; };
		3199F4232563396000279044 /* DateHeaderView.swift */ = {isa = PBXFileReference; lastKnownFileType = sourcecode.swift; path = DateHeaderView.swift; sourceTree = "<group>"; };
		3199F42B256350A100279044 /* SideCalendarButtonView.swift */ = {isa = PBXFileReference; lastKnownFileType = sourcecode.swift; path = SideCalendarButtonView.swift; sourceTree = "<group>"; };
		3199F430256355BC00279044 /* TodayButtonView.swift */ = {isa = PBXFileReference; lastKnownFileType = sourcecode.swift; path = TodayButtonView.swift; sourceTree = "<group>"; };
		3199F4352563594F00279044 /* DayArrowButtonView.swift */ = {isa = PBXFileReference; lastKnownFileType = sourcecode.swift; path = DayArrowButtonView.swift; sourceTree = "<group>"; };
		3199F43A256365D300279044 /* FoundTaskView.swift */ = {isa = PBXFileReference; lastKnownFileType = sourcecode.swift; path = FoundTaskView.swift; sourceTree = "<group>"; };
		3199F43F25636C4F00279044 /* TextFieldClearButton.swift */ = {isa = PBXFileReference; lastKnownFileType = sourcecode.swift; path = TextFieldClearButton.swift; sourceTree = "<group>"; };
		31E08AA325638C8A006C0639 /* MonthSectionView.swift */ = {isa = PBXFileReference; lastKnownFileType = sourcecode.swift; path = MonthSectionView.swift; sourceTree = "<group>"; };
		31E08AA82563932B006C0639 /* DayButtonView.swift */ = {isa = PBXFileReference; lastKnownFileType = sourcecode.swift; path = DayButtonView.swift; sourceTree = "<group>"; };
		31E08AAD2566F69F006C0639 /* WeekDaysRowView.swift */ = {isa = PBXFileReference; lastKnownFileType = sourcecode.swift; path = WeekDaysRowView.swift; sourceTree = "<group>"; };
		31E08ABA25671054006C0639 /* CalendarEnvironment.swift */ = {isa = PBXFileReference; lastKnownFileType = sourcecode.swift; path = CalendarEnvironment.swift; sourceTree = "<group>"; };
		31E08ABF25671413006C0639 /* RefreshTasksButtonView.swift */ = {isa = PBXFileReference; lastKnownFileType = sourcecode.swift; path = RefreshTasksButtonView.swift; sourceTree = "<group>"; };
		31E30ABB256B3D76005EE4DF /* TaskType.swift */ = {isa = PBXFileReference; lastKnownFileType = sourcecode.swift; path = TaskType.swift; sourceTree = "<group>"; };
		31E30AC3256B437E005EE4DF /* SettingsView.swift */ = {isa = PBXFileReference; lastKnownFileType = sourcecode.swift; path = SettingsView.swift; sourceTree = "<group>"; };
		31E30AC8256B5404005EE4DF /* TypeActionsMenu.swift */ = {isa = PBXFileReference; lastKnownFileType = sourcecode.swift; path = TypeActionsMenu.swift; sourceTree = "<group>"; };
		31EF9F72255858D5003DFADF /* TasksEnvironment.swift */ = {isa = PBXFileReference; lastKnownFileType = sourcecode.swift; path = TasksEnvironment.swift; sourceTree = "<group>"; };
		31EF9FA12558A96F003DFADF /* TimeTextFieldView.swift */ = {isa = PBXFileReference; lastKnownFileType = sourcecode.swift; path = TimeTextFieldView.swift; sourceTree = "<group>"; };
		31EF9FA92558AB03003DFADF /* TaskTextFieldView.swift */ = {isa = PBXFileReference; lastKnownFileType = sourcecode.swift; path = TaskTextFieldView.swift; sourceTree = "<group>"; };
		31EF9FB12558ABA5003DFADF /* DoneEditingButtonView.swift */ = {isa = PBXFileReference; lastKnownFileType = sourcecode.swift; path = DoneEditingButtonView.swift; sourceTree = "<group>"; };
		31EF9FCD2558B2DB003DFADF /* IconButtonView.swift */ = {isa = PBXFileReference; lastKnownFileType = sourcecode.swift; path = IconButtonView.swift; sourceTree = "<group>"; };
		31EF9FF22558B969003DFADF /* DateFrameViewModifier.swift */ = {isa = PBXFileReference; lastKnownFileType = sourcecode.swift; path = DateFrameViewModifier.swift; sourceTree = "<group>"; };
		31EFA0182559488C003DFADF /* TaskActionsMenuView.swift */ = {isa = PBXFileReference; lastKnownFileType = sourcecode.swift; path = TaskActionsMenuView.swift; sourceTree = "<group>"; };
		31EFA02325595B1F003DFADF /* ToolbarStyleModifier.swift */ = {isa = PBXFileReference; lastKnownFileType = sourcecode.swift; path = ToolbarStyleModifier.swift; sourceTree = "<group>"; };
		31EFA02B25596250003DFADF /* NSViewAccessor.swift */ = {isa = PBXFileReference; lastKnownFileType = sourcecode.swift; path = NSViewAccessor.swift; sourceTree = "<group>"; };
		31EFA03025596566003DFADF /* SearchTextFieldView.swift */ = {isa = PBXFileReference; lastKnownFileType = sourcecode.swift; path = SearchTextFieldView.swift; sourceTree = "<group>"; };
/* End PBXFileReference section */

/* Begin PBXFrameworksBuildPhase section */
		3195BF482555F42A00707ECB /* Frameworks */ = {
			isa = PBXFrameworksBuildPhase;
			buildActionMask = 2147483647;
			files = (
				3188BD60255B428D0039CE56 /* CloudKit.framework in Frameworks */,
			);
			runOnlyForDeploymentPostprocessing = 0;
		};
		3195BF602555F42D00707ECB /* Frameworks */ = {
			isa = PBXFrameworksBuildPhase;
			buildActionMask = 2147483647;
			files = (
			);
			runOnlyForDeploymentPostprocessing = 0;
		};
		3195BF6B2555F42D00707ECB /* Frameworks */ = {
			isa = PBXFrameworksBuildPhase;
			buildActionMask = 2147483647;
			files = (
			);
			runOnlyForDeploymentPostprocessing = 0;
		};
/* End PBXFrameworksBuildPhase section */

/* Begin PBXGroup section */
		31750C8D25570098007ACF87 /* Tasks */ = {
			isa = PBXGroup;
			children = (
				31EF9F72255858D5003DFADF /* TasksEnvironment.swift */,
				31898C32255F24F3008FCB77 /* Task.swift */,
				31750C8825570093007ACF87 /* TaskManagerView.swift */,
				31750CB525572528007ACF87 /* TasksView.swift */,
				31EF9FBA2558ADD0003DFADF /* TasksView elements */,
			);
			path = Tasks;
			sourceTree = "<group>";
		};
		3188BD5E255B428D0039CE56 /* Frameworks */ = {
			isa = PBXGroup;
			children = (
				3188BD5F255B428D0039CE56 /* CloudKit.framework */,
			);
			name = Frameworks;
			sourceTree = "<group>";
		};
		3195BF422555F42A00707ECB = {
			isa = PBXGroup;
			children = (
				3195BF4D2555F42A00707ECB /* tascal-macos */,
				3195BF662555F42D00707ECB /* tascal-macosTests */,
				3195BF712555F42D00707ECB /* tascal-macosUITests */,
				3195BF4C2555F42A00707ECB /* Products */,
				3188BD5E255B428D0039CE56 /* Frameworks */,
			);
			sourceTree = "<group>";
		};
		3195BF4C2555F42A00707ECB /* Products */ = {
			isa = PBXGroup;
			children = (
				3195BF4B2555F42A00707ECB /* tascal-macos.app */,
				3195BF632555F42D00707ECB /* tascal-macosTests.xctest */,
				3195BF6E2555F42D00707ECB /* tascal-macosUITests.xctest */,
			);
			name = Products;
			sourceTree = "<group>";
		};
		3195BF4D2555F42A00707ECB /* tascal-macos */ = {
			isa = PBXGroup;
			children = (
				3195BF4E2555F42A00707ECB /* AppDelegate.swift */,
				3195BF832555F99F00707ECB /* AppEnvironment.swift */,
				3195BF502555F42A00707ECB /* ContentView.swift */,
				3199F4102563092E00279044 /* View.swift */,
				3188BD4D255A1CF80039CE56 /* DividerView.swift */,
				31EFA02B25596250003DFADF /* NSViewAccessor.swift */,
				3199F3FF2562025500279044 /* NSTextField.swift */,
				31EF9FCD2558B2DB003DFADF /* IconButtonView.swift */,
				31898C37255F297C008FCB77 /* CloudKitHelper.swift */,
				3199F44725636E7E00279044 /* Sidebar Cal */,
				3199F41F2563392B00279044 /* Seach */,
				31750C8D25570098007ACF87 /* Tasks */,
				3195BFBB255602B900707ECB /* Cal */,
				3195BFBC255602DC00707ECB /* calendar management */,
				3195BF552555F42C00707ECB /* Assets.xcassets */,
				3195BF5A2555F42C00707ECB /* Main.storyboard */,
				3195BF5D2555F42C00707ECB /* Info.plist */,
				3195BF5E2555F42C00707ECB /* tascal_macos.entitlements */,
				3195BF522555F42A00707ECB /* tascal_macos.xcdatamodeld */,
				3195BF572555F42C00707ECB /* Preview Content */,
			);
			path = "tascal-macos";
			sourceTree = "<group>";
		};
		3195BF572555F42C00707ECB /* Preview Content */ = {
			isa = PBXGroup;
			children = (
				3195BF582555F42C00707ECB /* Preview Assets.xcassets */,
			);
			path = "Preview Content";
			sourceTree = "<group>";
		};
		3195BF662555F42D00707ECB /* tascal-macosTests */ = {
			isa = PBXGroup;
			children = (
				3195BF672555F42D00707ECB /* tascal_macosTests.swift */,
				3195BF692555F42D00707ECB /* Info.plist */,
			);
			path = "tascal-macosTests";
			sourceTree = "<group>";
		};
		3195BF712555F42D00707ECB /* tascal-macosUITests */ = {
			isa = PBXGroup;
			children = (
				3195BF722555F42D00707ECB /* tascal_macosUITests.swift */,
				3195BF742555F42D00707ECB /* Info.plist */,
			);
			path = "tascal-macosUITests";
			sourceTree = "<group>";
		};
		3195BFBB255602B900707ECB /* Cal */ = {
			isa = PBXGroup;
			children = (
				3195BFB6255601FF00707ECB /* CalView.swift */,
				31EF9FDA2558B8B5003DFADF /* CalView elements */,
			);
			path = Cal;
			sourceTree = "<group>";
		};
		3195BFBC255602DC00707ECB /* calendar management */ = {
			isa = PBXGroup;
			children = (
				3188BD3D255A18800039CE56 /* TaskTypesSettings.swift */,
				31E30ABB256B3D76005EE4DF /* TaskType.swift */,
				3195BF982555FC6A00707ECB /* CalManagerView.swift */,
				31E30AC3256B437E005EE4DF /* SettingsView.swift */,
				31E30AC8256B5404005EE4DF /* TypeActionsMenu.swift */,
				31E08ABF25671413006C0639 /* RefreshTasksButtonView.swift */,
				31750C762556E4BB007ACF87 /* DatesSettings.swift */,
				3195BF882555FA5200707ECB /* CalType.swift */,
				3195BFC925560D4A00707ECB /* DateInfo.swift */,
				31750C832556F105007ACF87 /* CalDate.swift */,
				31EF9FA92558AB03003DFADF /* TaskTextFieldView.swift */,
				3199F4352563594F00279044 /* DayArrowButtonView.swift */,
				3199F430256355BC00279044 /* TodayButtonView.swift */,
				3199F42B256350A100279044 /* SideCalendarButtonView.swift */,
				31EFA02325595B1F003DFADF /* ToolbarStyleModifier.swift */,
				31EFA03025596566003DFADF /* SearchTextFieldView.swift */,
				3199F43F25636C4F00279044 /* TextFieldClearButton.swift */,
				3195BF9D2555FEA700707ECB /* CalManagerButtonView.swift */,
			);
			path = "calendar management";
			sourceTree = "<group>";
		};
		3199F41F2563392B00279044 /* Seach */ = {
			isa = PBXGroup;
			children = (
				3199F41A2563341F00279044 /* SearchSidebarView.swift */,
				3199F4232563396000279044 /* DateHeaderView.swift */,
				3199F43A256365D300279044 /* FoundTaskView.swift */,
			);
			path = Seach;
			sourceTree = "<group>";
		};
		3199F44725636E7E00279044 /* Sidebar Cal */ = {
			isa = PBXGroup;
			children = (
				3199F415256318AF00279044 /* SidebarView.swift */,
				31E08ABA25671054006C0639 /* CalendarEnvironment.swift */,
				31E08AAD2566F69F006C0639 /* WeekDaysRowView.swift */,
				31E08AA325638C8A006C0639 /* MonthSectionView.swift */,
				31E08AA82563932B006C0639 /* DayButtonView.swift */,
			);
			path = "Sidebar Cal";
			sourceTree = "<group>";
		};
		31EF9FB62558AD20003DFADF /* TaskView elements */ = {
			isa = PBXGroup;
			children = (
				31750CC225573029007ACF87 /* TaskViewModifier.swift */,
				31EF9FB12558ABA5003DFADF /* DoneEditingButtonView.swift */,
				31EFA0182559488C003DFADF /* TaskActionsMenuView.swift */,
				31EF9FA12558A96F003DFADF /* TimeTextFieldView.swift */,
			);
			path = "TaskView elements";
			sourceTree = "<group>";
		};
		31EF9FBA2558ADD0003DFADF /* TasksView elements */ = {
			isa = PBXGroup;
			children = (
				31750CB0255723FC007ACF87 /* TasksTitleView.swift */,
				31750CBD25572F57007ACF87 /* AddTaskFieldView.swift */,
				31750C9E25570BBB007ACF87 /* TaskView.swift */,
				31EF9FB62558AD20003DFADF /* TaskView elements */,
			);
			path = "TasksView elements";
			sourceTree = "<group>";
		};
		31EF9FDA2558B8B5003DFADF /* CalView elements */ = {
			isa = PBXGroup;
			children = (
				31750CEA25576E00007ACF87 /* MonthTitleView.swift */,
				3195BFAC2556010300707ECB /* CalTypeView_Days.swift */,
				31EF9FE42558B8D7003DFADF /* Cal elements */,
			);
			path = "CalView elements";
			sourceTree = "<group>";
		};
		31EF9FE42558B8D7003DFADF /* Cal elements */ = {
			isa = PBXGroup;
			children = (
				3195BFD1255691D000707ECB /* DayBoxView.swift */,
				31EF9FF12558B90C003DFADF /* DayBoxView elements */,
			);
			path = "Cal elements";
			sourceTree = "<group>";
		};
		31EF9FF12558B90C003DFADF /* DayBoxView elements */ = {
			isa = PBXGroup;
			children = (
				31750CA325570D31007ACF87 /* CalTaskView.swift */,
				31750CA825570DE3007ACF87 /* TaskLevelTxtView.swift */,
				31750C7E2556F04F007ACF87 /* DateButtonBoxView.swift */,
				31EF9FF22558B969003DFADF /* DateFrameViewModifier.swift */,
				31750CF225577285007ACF87 /* DayBoxViewModifier.swift */,
			);
			path = "DayBoxView elements";
			sourceTree = "<group>";
		};
/* End PBXGroup section */

/* Begin PBXNativeTarget section */
		3195BF4A2555F42A00707ECB /* tascal-macos */ = {
			isa = PBXNativeTarget;
			buildConfigurationList = 3195BF772555F42D00707ECB /* Build configuration list for PBXNativeTarget "tascal-macos" */;
			buildPhases = (
				3195BF472555F42A00707ECB /* Sources */,
				3195BF482555F42A00707ECB /* Frameworks */,
				3195BF492555F42A00707ECB /* Resources */,
			);
			buildRules = (
			);
			dependencies = (
			);
			name = "tascal-macos";
			productName = "tascal-macos";
			productReference = 3195BF4B2555F42A00707ECB /* tascal-macos.app */;
			productType = "com.apple.product-type.application";
		};
		3195BF622555F42D00707ECB /* tascal-macosTests */ = {
			isa = PBXNativeTarget;
			buildConfigurationList = 3195BF7A2555F42D00707ECB /* Build configuration list for PBXNativeTarget "tascal-macosTests" */;
			buildPhases = (
				3195BF5F2555F42D00707ECB /* Sources */,
				3195BF602555F42D00707ECB /* Frameworks */,
				3195BF612555F42D00707ECB /* Resources */,
			);
			buildRules = (
			);
			dependencies = (
				3195BF652555F42D00707ECB /* PBXTargetDependency */,
			);
			name = "tascal-macosTests";
			productName = "tascal-macosTests";
			productReference = 3195BF632555F42D00707ECB /* tascal-macosTests.xctest */;
			productType = "com.apple.product-type.bundle.unit-test";
		};
		3195BF6D2555F42D00707ECB /* tascal-macosUITests */ = {
			isa = PBXNativeTarget;
			buildConfigurationList = 3195BF7D2555F42D00707ECB /* Build configuration list for PBXNativeTarget "tascal-macosUITests" */;
			buildPhases = (
				3195BF6A2555F42D00707ECB /* Sources */,
				3195BF6B2555F42D00707ECB /* Frameworks */,
				3195BF6C2555F42D00707ECB /* Resources */,
			);
			buildRules = (
			);
			dependencies = (
				3195BF702555F42D00707ECB /* PBXTargetDependency */,
			);
			name = "tascal-macosUITests";
			productName = "tascal-macosUITests";
			productReference = 3195BF6E2555F42D00707ECB /* tascal-macosUITests.xctest */;
			productType = "com.apple.product-type.bundle.ui-testing";
		};
/* End PBXNativeTarget section */

/* Begin PBXProject section */
		3195BF432555F42A00707ECB /* Project object */ = {
			isa = PBXProject;
			attributes = {
				LastSwiftUpdateCheck = 1210;
				LastUpgradeCheck = 1220;
				TargetAttributes = {
					3195BF4A2555F42A00707ECB = {
						CreatedOnToolsVersion = 12.1;
					};
					3195BF622555F42D00707ECB = {
						CreatedOnToolsVersion = 12.1;
						TestTargetID = 3195BF4A2555F42A00707ECB;
					};
					3195BF6D2555F42D00707ECB = {
						CreatedOnToolsVersion = 12.1;
						TestTargetID = 3195BF4A2555F42A00707ECB;
					};
				};
			};
			buildConfigurationList = 3195BF462555F42A00707ECB /* Build configuration list for PBXProject "tascal-macos" */;
			compatibilityVersion = "Xcode 9.3";
			developmentRegion = en;
			hasScannedForEncodings = 0;
			knownRegions = (
				en,
				Base,
			);
			mainGroup = 3195BF422555F42A00707ECB;
			productRefGroup = 3195BF4C2555F42A00707ECB /* Products */;
			projectDirPath = "";
			projectRoot = "";
			targets = (
				3195BF4A2555F42A00707ECB /* tascal-macos */,
				3195BF622555F42D00707ECB /* tascal-macosTests */,
				3195BF6D2555F42D00707ECB /* tascal-macosUITests */,
			);
		};
/* End PBXProject section */

/* Begin PBXResourcesBuildPhase section */
		3195BF492555F42A00707ECB /* Resources */ = {
			isa = PBXResourcesBuildPhase;
			buildActionMask = 2147483647;
			files = (
				3195BF5C2555F42C00707ECB /* Main.storyboard in Resources */,
				3195BF592555F42C00707ECB /* Preview Assets.xcassets in Resources */,
				3195BF562555F42C00707ECB /* Assets.xcassets in Resources */,
			);
			runOnlyForDeploymentPostprocessing = 0;
		};
		3195BF612555F42D00707ECB /* Resources */ = {
			isa = PBXResourcesBuildPhase;
			buildActionMask = 2147483647;
			files = (
			);
			runOnlyForDeploymentPostprocessing = 0;
		};
		3195BF6C2555F42D00707ECB /* Resources */ = {
			isa = PBXResourcesBuildPhase;
			buildActionMask = 2147483647;
			files = (
			);
			runOnlyForDeploymentPostprocessing = 0;
		};
/* End PBXResourcesBuildPhase section */

/* Begin PBXSourcesBuildPhase section */
		3195BF472555F42A00707ECB /* Sources */ = {
			isa = PBXSourcesBuildPhase;
			buildActionMask = 2147483647;
			files = (
				31750C7F2556F04F007ACF87 /* DateButtonBoxView.swift in Sources */,
				3195BF542555F42A00707ECB /* tascal_macos.xcdatamodeld in Sources */,
				31750CA925570DE3007ACF87 /* TaskLevelTxtView.swift in Sources */,
				31EFA03125596566003DFADF /* SearchTextFieldView.swift in Sources */,
				3195BF892555FA5200707ECB /* CalType.swift in Sources */,
				31EFA02C25596250003DFADF /* NSViewAccessor.swift in Sources */,
				31EF9FAA2558AB03003DFADF /* TaskTextFieldView.swift in Sources */,
				31E08AA92563932B006C0639 /* DayButtonView.swift in Sources */,
				31EFA0192559488C003DFADF /* TaskActionsMenuView.swift in Sources */,
				31898C38255F297C008FCB77 /* CloudKitHelper.swift in Sources */,
				31E30AC4256B437E005EE4DF /* SettingsView.swift in Sources */,
				31EF9FB22558ABA5003DFADF /* DoneEditingButtonView.swift in Sources */,
				3195BFCA25560D4A00707ECB /* DateInfo.swift in Sources */,
				3195BFD2255691D000707ECB /* DayBoxView.swift in Sources */,
				3195BFAD2556010300707ECB /* CalTypeView_Days.swift in Sources */,
				3199F4242563396000279044 /* DateHeaderView.swift in Sources */,
				3188BD3E255A18800039CE56 /* TaskTypesSettings.swift in Sources */,
				31750CBE25572F57007ACF87 /* AddTaskFieldView.swift in Sources */,
				31750C772556E4BB007ACF87 /* DatesSettings.swift in Sources */,
				31750CF325577285007ACF87 /* DayBoxViewModifier.swift in Sources */,
				3199F41B2563341F00279044 /* SearchSidebarView.swift in Sources */,
				31EF9FA22558A96F003DFADF /* TimeTextFieldView.swift in Sources */,
				3188BD4E255A1CF80039CE56 /* DividerView.swift in Sources */,
				3199F4112563092E00279044 /* View.swift in Sources */,
				3195BF842555F99F00707ECB /* AppEnvironment.swift in Sources */,
				3195BF9E2555FEA700707ECB /* CalManagerButtonView.swift in Sources */,
				3195BF992555FC6A00707ECB /* CalManagerView.swift in Sources */,
				3199F416256318AF00279044 /* SidebarView.swift in Sources */,
				3195BFB7255601FF00707ECB /* CalView.swift in Sources */,
				3199F4002562025500279044 /* NSTextField.swift in Sources */,
				3199F431256355BC00279044 /* TodayButtonView.swift in Sources */,
				31E08AA425638C8A006C0639 /* MonthSectionView.swift in Sources */,
				31EFA02425595B1F003DFADF /* ToolbarStyleModifier.swift in Sources */,
				31750CB1255723FC007ACF87 /* TasksTitleView.swift in Sources */,
				3199F44025636C4F00279044 /* TextFieldClearButton.swift in Sources */,
				31EF9FCE2558B2DB003DFADF /* IconButtonView.swift in Sources */,
				31750C842556F105007ACF87 /* CalDate.swift in Sources */,
				3199F4362563594F00279044 /* DayArrowButtonView.swift in Sources */,
				31750CC325573029007ACF87 /* TaskViewModifier.swift in Sources */,
				31750C8925570093007ACF87 /* TaskManagerView.swift in Sources */,
				31E30AC9256B5404005EE4DF /* TypeActionsMenu.swift in Sources */,
				3195BF512555F42A00707ECB /* ContentView.swift in Sources */,
				31750C9F25570BBB007ACF87 /* TaskView.swift in Sources */,
				31EF9FF32558B969003DFADF /* DateFrameViewModifier.swift in Sources */,
				31E08AAE2566F69F006C0639 /* WeekDaysRowView.swift in Sources */,
				3199F42C256350A100279044 /* SideCalendarButtonView.swift in Sources */,
				3199F43B256365D300279044 /* FoundTaskView.swift in Sources */,
				31750CEB25576E01007ACF87 /* MonthTitleView.swift in Sources */,
				31750CB625572528007ACF87 /* TasksView.swift in Sources */,
				31750CA425570D31007ACF87 /* CalTaskView.swift in Sources */,
				31898C33255F24F3008FCB77 /* Task.swift in Sources */,
				3195BF4F2555F42A00707ECB /* AppDelegate.swift in Sources */,
				31EF9F73255858D5003DFADF /* TasksEnvironment.swift in Sources */,
				31E08AC025671413006C0639 /* RefreshTasksButtonView.swift in Sources */,
				31E30ABC256B3D76005EE4DF /* TaskType.swift in Sources */,
				31E08ABB25671054006C0639 /* CalendarEnvironment.swift in Sources */,
			);
			runOnlyForDeploymentPostprocessing = 0;
		};
		3195BF5F2555F42D00707ECB /* Sources */ = {
			isa = PBXSourcesBuildPhase;
			buildActionMask = 2147483647;
			files = (
				3195BF682555F42D00707ECB /* tascal_macosTests.swift in Sources */,
			);
			runOnlyForDeploymentPostprocessing = 0;
		};
		3195BF6A2555F42D00707ECB /* Sources */ = {
			isa = PBXSourcesBuildPhase;
			buildActionMask = 2147483647;
			files = (
				3195BF732555F42D00707ECB /* tascal_macosUITests.swift in Sources */,
			);
			runOnlyForDeploymentPostprocessing = 0;
		};
/* End PBXSourcesBuildPhase section */

/* Begin PBXTargetDependency section */
		3195BF652555F42D00707ECB /* PBXTargetDependency */ = {
			isa = PBXTargetDependency;
			target = 3195BF4A2555F42A00707ECB /* tascal-macos */;
			targetProxy = 3195BF642555F42D00707ECB /* PBXContainerItemProxy */;
		};
		3195BF702555F42D00707ECB /* PBXTargetDependency */ = {
			isa = PBXTargetDependency;
			target = 3195BF4A2555F42A00707ECB /* tascal-macos */;
			targetProxy = 3195BF6F2555F42D00707ECB /* PBXContainerItemProxy */;
		};
/* End PBXTargetDependency section */

/* Begin PBXVariantGroup section */
		3195BF5A2555F42C00707ECB /* Main.storyboard */ = {
			isa = PBXVariantGroup;
			children = (
				3195BF5B2555F42C00707ECB /* Base */,
			);
			name = Main.storyboard;
			sourceTree = "<group>";
		};
/* End PBXVariantGroup section */

/* Begin XCBuildConfiguration section */
		3195BF752555F42D00707ECB /* Debug */ = {
			isa = XCBuildConfiguration;
			buildSettings = {
				ALWAYS_SEARCH_USER_PATHS = NO;
				CLANG_ANALYZER_NONNULL = YES;
				CLANG_ANALYZER_NUMBER_OBJECT_CONVERSION = YES_AGGRESSIVE;
				CLANG_CXX_LANGUAGE_STANDARD = "gnu++14";
				CLANG_CXX_LIBRARY = "libc++";
				CLANG_ENABLE_MODULES = YES;
				CLANG_ENABLE_OBJC_ARC = YES;
				CLANG_ENABLE_OBJC_WEAK = YES;
				CLANG_WARN_BLOCK_CAPTURE_AUTORELEASING = YES;
				CLANG_WARN_BOOL_CONVERSION = YES;
				CLANG_WARN_COMMA = YES;
				CLANG_WARN_CONSTANT_CONVERSION = YES;
				CLANG_WARN_DEPRECATED_OBJC_IMPLEMENTATIONS = YES;
				CLANG_WARN_DIRECT_OBJC_ISA_USAGE = YES_ERROR;
				CLANG_WARN_DOCUMENTATION_COMMENTS = YES;
				CLANG_WARN_EMPTY_BODY = YES;
				CLANG_WARN_ENUM_CONVERSION = YES;
				CLANG_WARN_INFINITE_RECURSION = YES;
				CLANG_WARN_INT_CONVERSION = YES;
				CLANG_WARN_NON_LITERAL_NULL_CONVERSION = YES;
				CLANG_WARN_OBJC_IMPLICIT_RETAIN_SELF = YES;
				CLANG_WARN_OBJC_LITERAL_CONVERSION = YES;
				CLANG_WARN_OBJC_ROOT_CLASS = YES_ERROR;
				CLANG_WARN_QUOTED_INCLUDE_IN_FRAMEWORK_HEADER = YES;
				CLANG_WARN_RANGE_LOOP_ANALYSIS = YES;
				CLANG_WARN_STRICT_PROTOTYPES = YES;
				CLANG_WARN_SUSPICIOUS_MOVE = YES;
				CLANG_WARN_UNGUARDED_AVAILABILITY = YES_AGGRESSIVE;
				CLANG_WARN_UNREACHABLE_CODE = YES;
				CLANG_WARN__DUPLICATE_METHOD_MATCH = YES;
				COPY_PHASE_STRIP = NO;
				DEBUG_INFORMATION_FORMAT = dwarf;
				ENABLE_STRICT_OBJC_MSGSEND = YES;
				ENABLE_TESTABILITY = YES;
				GCC_C_LANGUAGE_STANDARD = gnu11;
				GCC_DYNAMIC_NO_PIC = NO;
				GCC_NO_COMMON_BLOCKS = YES;
				GCC_OPTIMIZATION_LEVEL = 0;
				GCC_PREPROCESSOR_DEFINITIONS = (
					"DEBUG=1",
					"$(inherited)",
				);
				GCC_WARN_64_TO_32_BIT_CONVERSION = YES;
				GCC_WARN_ABOUT_RETURN_TYPE = YES_ERROR;
				GCC_WARN_UNDECLARED_SELECTOR = YES;
				GCC_WARN_UNINITIALIZED_AUTOS = YES_AGGRESSIVE;
				GCC_WARN_UNUSED_FUNCTION = YES;
				GCC_WARN_UNUSED_VARIABLE = YES;
				MACOSX_DEPLOYMENT_TARGET = 11.0;
				MTL_ENABLE_DEBUG_INFO = INCLUDE_SOURCE;
				MTL_FAST_MATH = YES;
				ONLY_ACTIVE_ARCH = YES;
				SDKROOT = macosx;
				SWIFT_ACTIVE_COMPILATION_CONDITIONS = DEBUG;
				SWIFT_OPTIMIZATION_LEVEL = "-Onone";
			};
			name = Debug;
		};
		3195BF762555F42D00707ECB /* Release */ = {
			isa = XCBuildConfiguration;
			buildSettings = {
				ALWAYS_SEARCH_USER_PATHS = NO;
				CLANG_ANALYZER_NONNULL = YES;
				CLANG_ANALYZER_NUMBER_OBJECT_CONVERSION = YES_AGGRESSIVE;
				CLANG_CXX_LANGUAGE_STANDARD = "gnu++14";
				CLANG_CXX_LIBRARY = "libc++";
				CLANG_ENABLE_MODULES = YES;
				CLANG_ENABLE_OBJC_ARC = YES;
				CLANG_ENABLE_OBJC_WEAK = YES;
				CLANG_WARN_BLOCK_CAPTURE_AUTORELEASING = YES;
				CLANG_WARN_BOOL_CONVERSION = YES;
				CLANG_WARN_COMMA = YES;
				CLANG_WARN_CONSTANT_CONVERSION = YES;
				CLANG_WARN_DEPRECATED_OBJC_IMPLEMENTATIONS = YES;
				CLANG_WARN_DIRECT_OBJC_ISA_USAGE = YES_ERROR;
				CLANG_WARN_DOCUMENTATION_COMMENTS = YES;
				CLANG_WARN_EMPTY_BODY = YES;
				CLANG_WARN_ENUM_CONVERSION = YES;
				CLANG_WARN_INFINITE_RECURSION = YES;
				CLANG_WARN_INT_CONVERSION = YES;
				CLANG_WARN_NON_LITERAL_NULL_CONVERSION = YES;
				CLANG_WARN_OBJC_IMPLICIT_RETAIN_SELF = YES;
				CLANG_WARN_OBJC_LITERAL_CONVERSION = YES;
				CLANG_WARN_OBJC_ROOT_CLASS = YES_ERROR;
				CLANG_WARN_QUOTED_INCLUDE_IN_FRAMEWORK_HEADER = YES;
				CLANG_WARN_RANGE_LOOP_ANALYSIS = YES;
				CLANG_WARN_STRICT_PROTOTYPES = YES;
				CLANG_WARN_SUSPICIOUS_MOVE = YES;
				CLANG_WARN_UNGUARDED_AVAILABILITY = YES_AGGRESSIVE;
				CLANG_WARN_UNREACHABLE_CODE = YES;
				CLANG_WARN__DUPLICATE_METHOD_MATCH = YES;
				COPY_PHASE_STRIP = NO;
				DEBUG_INFORMATION_FORMAT = "dwarf-with-dsym";
				ENABLE_NS_ASSERTIONS = NO;
				ENABLE_STRICT_OBJC_MSGSEND = YES;
				GCC_C_LANGUAGE_STANDARD = gnu11;
				GCC_NO_COMMON_BLOCKS = YES;
				GCC_WARN_64_TO_32_BIT_CONVERSION = YES;
				GCC_WARN_ABOUT_RETURN_TYPE = YES_ERROR;
				GCC_WARN_UNDECLARED_SELECTOR = YES;
				GCC_WARN_UNINITIALIZED_AUTOS = YES_AGGRESSIVE;
				GCC_WARN_UNUSED_FUNCTION = YES;
				GCC_WARN_UNUSED_VARIABLE = YES;
				MACOSX_DEPLOYMENT_TARGET = 11.0;
				MTL_ENABLE_DEBUG_INFO = NO;
				MTL_FAST_MATH = YES;
				SDKROOT = macosx;
				SWIFT_COMPILATION_MODE = wholemodule;
				SWIFT_OPTIMIZATION_LEVEL = "-O";
			};
			name = Release;
		};
		3195BF782555F42D00707ECB /* Debug */ = {
			isa = XCBuildConfiguration;
			buildSettings = {
				ASSETCATALOG_COMPILER_APPICON_NAME = AppIcon;
				ASSETCATALOG_COMPILER_GLOBAL_ACCENT_COLOR_NAME = AccentColor;
				BUILD_LIBRARY_FOR_DISTRIBUTION = YES;
				CODE_SIGN_ENTITLEMENTS = "tascal-macos/tascal_macos.entitlements";
				CODE_SIGN_IDENTITY = "Apple Development";
				CODE_SIGN_STYLE = Automatic;
				COMBINE_HIDPI_IMAGES = YES;
				DEVELOPMENT_ASSET_PATHS = "\"tascal-macos/Preview Content\"";
				DEVELOPMENT_TEAM = KWRUV8J5SB;
				ENABLE_HARDENED_RUNTIME = YES;
				ENABLE_PREVIEWS = YES;
				INFOPLIST_FILE = "tascal-macos/Info.plist";
				LD_RUNPATH_SEARCH_PATHS = (
					"$(inherited)",
					"@executable_path/../Frameworks",
				);
				MACOSX_DEPLOYMENT_TARGET = 11.0;
				PRODUCT_BUNDLE_IDENTIFIER = "com.mariia.tascal-macos";
				PRODUCT_NAME = "$(TARGET_NAME)";
				PROVISIONING_PROFILE_SPECIFIER = "";
				SWIFT_VERSION = 5.0;
			};
			name = Debug;
		};
		3195BF792555F42D00707ECB /* Release */ = {
			isa = XCBuildConfiguration;
			buildSettings = {
				ASSETCATALOG_COMPILER_APPICON_NAME = AppIcon;
				ASSETCATALOG_COMPILER_GLOBAL_ACCENT_COLOR_NAME = AccentColor;
				BUILD_LIBRARY_FOR_DISTRIBUTION = YES;
				CODE_SIGN_ENTITLEMENTS = "tascal-macos/tascal_macos.entitlements";
				CODE_SIGN_IDENTITY = "Apple Development";
				CODE_SIGN_STYLE = Automatic;
				COMBINE_HIDPI_IMAGES = YES;
				DEVELOPMENT_ASSET_PATHS = "\"tascal-macos/Preview Content\"";
				DEVELOPMENT_TEAM = KWRUV8J5SB;
				ENABLE_HARDENED_RUNTIME = YES;
				ENABLE_PREVIEWS = YES;
				INFOPLIST_FILE = "tascal-macos/Info.plist";
				LD_RUNPATH_SEARCH_PATHS = (
					"$(inherited)",
					"@executable_path/../Frameworks",
				);
				MACOSX_DEPLOYMENT_TARGET = 11.0;
				PRODUCT_BUNDLE_IDENTIFIER = "com.mariia.tascal-macos";
				PRODUCT_NAME = "$(TARGET_NAME)";
				PROVISIONING_PROFILE_SPECIFIER = "";
				SWIFT_VERSION = 5.0;
			};
			name = Release;
		};
		3195BF7B2555F42D00707ECB /* Debug */ = {
			isa = XCBuildConfiguration;
			buildSettings = {
				ALWAYS_EMBED_SWIFT_STANDARD_LIBRARIES = YES;
				BUNDLE_LOADER = "$(TEST_HOST)";
				CODE_SIGN_STYLE = Automatic;
				COMBINE_HIDPI_IMAGES = YES;
				DEVELOPMENT_TEAM = KWRUV8J5SB;
				INFOPLIST_FILE = "tascal-macosTests/Info.plist";
				LD_RUNPATH_SEARCH_PATHS = (
					"$(inherited)",
					"@executable_path/../Frameworks",
					"@loader_path/../Frameworks",
				);
				MACOSX_DEPLOYMENT_TARGET = 10.15;
				PRODUCT_BUNDLE_IDENTIFIER = "com.mariia.tascal-macosTests";
				PRODUCT_NAME = "$(TARGET_NAME)";
				SWIFT_VERSION = 5.0;
				TEST_HOST = "$(BUILT_PRODUCTS_DIR)/tascal-macos.app/Contents/MacOS/tascal-macos";
			};
			name = Debug;
		};
		3195BF7C2555F42D00707ECB /* Release */ = {
			isa = XCBuildConfiguration;
			buildSettings = {
				ALWAYS_EMBED_SWIFT_STANDARD_LIBRARIES = YES;
				BUNDLE_LOADER = "$(TEST_HOST)";
				CODE_SIGN_STYLE = Automatic;
				COMBINE_HIDPI_IMAGES = YES;
				DEVELOPMENT_TEAM = KWRUV8J5SB;
				INFOPLIST_FILE = "tascal-macosTests/Info.plist";
				LD_RUNPATH_SEARCH_PATHS = (
					"$(inherited)",
					"@executable_path/../Frameworks",
					"@loader_path/../Frameworks",
				);
				MACOSX_DEPLOYMENT_TARGET = 10.15;
				PRODUCT_BUNDLE_IDENTIFIER = "com.mariia.tascal-macosTests";
				PRODUCT_NAME = "$(TARGET_NAME)";
				SWIFT_VERSION = 5.0;
				TEST_HOST = "$(BUILT_PRODUCTS_DIR)/tascal-macos.app/Contents/MacOS/tascal-macos";
			};
			name = Release;
		};
		3195BF7E2555F42D00707ECB /* Debug */ = {
			isa = XCBuildConfiguration;
			buildSettings = {
				ALWAYS_EMBED_SWIFT_STANDARD_LIBRARIES = YES;
				CODE_SIGN_STYLE = Automatic;
				COMBINE_HIDPI_IMAGES = YES;
				DEVELOPMENT_TEAM = KWRUV8J5SB;
				INFOPLIST_FILE = "tascal-macosUITests/Info.plist";
				LD_RUNPATH_SEARCH_PATHS = (
					"$(inherited)",
					"@executable_path/../Frameworks",
					"@loader_path/../Frameworks",
				);
				PRODUCT_BUNDLE_IDENTIFIER = "com.mariia.tascal-macosUITests";
				PRODUCT_NAME = "$(TARGET_NAME)";
				SWIFT_VERSION = 5.0;
				TEST_TARGET_NAME = "tascal-macos";
			};
			name = Debug;
		};
		3195BF7F2555F42D00707ECB /* Release */ = {
			isa = XCBuildConfiguration;
			buildSettings = {
				ALWAYS_EMBED_SWIFT_STANDARD_LIBRARIES = YES;
				CODE_SIGN_STYLE = Automatic;
				COMBINE_HIDPI_IMAGES = YES;
				DEVELOPMENT_TEAM = KWRUV8J5SB;
				INFOPLIST_FILE = "tascal-macosUITests/Info.plist";
				LD_RUNPATH_SEARCH_PATHS = (
					"$(inherited)",
					"@executable_path/../Frameworks",
					"@loader_path/../Frameworks",
				);
				PRODUCT_BUNDLE_IDENTIFIER = "com.mariia.tascal-macosUITests";
				PRODUCT_NAME = "$(TARGET_NAME)";
				SWIFT_VERSION = 5.0;
				TEST_TARGET_NAME = "tascal-macos";
			};
			name = Release;
		};
/* End XCBuildConfiguration section */

/* Begin XCConfigurationList section */
		3195BF462555F42A00707ECB /* Build configuration list for PBXProject "tascal-macos" */ = {
			isa = XCConfigurationList;
			buildConfigurations = (
				3195BF752555F42D00707ECB /* Debug */,
				3195BF762555F42D00707ECB /* Release */,
			);
			defaultConfigurationIsVisible = 0;
			defaultConfigurationName = Release;
		};
		3195BF772555F42D00707ECB /* Build configuration list for PBXNativeTarget "tascal-macos" */ = {
			isa = XCConfigurationList;
			buildConfigurations = (
				3195BF782555F42D00707ECB /* Debug */,
				3195BF792555F42D00707ECB /* Release */,
			);
			defaultConfigurationIsVisible = 0;
			defaultConfigurationName = Release;
		};
		3195BF7A2555F42D00707ECB /* Build configuration list for PBXNativeTarget "tascal-macosTests" */ = {
			isa = XCConfigurationList;
			buildConfigurations = (
				3195BF7B2555F42D00707ECB /* Debug */,
				3195BF7C2555F42D00707ECB /* Release */,
			);
			defaultConfigurationIsVisible = 0;
			defaultConfigurationName = Release;
		};
		3195BF7D2555F42D00707ECB /* Build configuration list for PBXNativeTarget "tascal-macosUITests" */ = {
			isa = XCConfigurationList;
			buildConfigurations = (
				3195BF7E2555F42D00707ECB /* Debug */,
				3195BF7F2555F42D00707ECB /* Release */,
			);
			defaultConfigurationIsVisible = 0;
			defaultConfigurationName = Release;
		};
/* End XCConfigurationList section */

/* Begin XCVersionGroup section */
		3195BF522555F42A00707ECB /* tascal_macos.xcdatamodeld */ = {
			isa = XCVersionGroup;
			children = (
				3195BF532555F42A00707ECB /* tascal_macos.xcdatamodel */,
			);
			currentVersion = 3195BF532555F42A00707ECB /* tascal_macos.xcdatamodel */;
			path = tascal_macos.xcdatamodeld;
			sourceTree = "<group>";
			versionGroupType = wrapper.xcdatamodel;
		};
/* End XCVersionGroup section */
	};
	rootObject = 3195BF432555F42A00707ECB /* Project object */;
}
